
Microsoft Visual Studio Solution File, Format Version 12.00
# Visual Studio Version 16
VisualStudioVersion = 16.0.33214.272
MinimumVisualStudioVersion = 10.0.40219.1
Project("{FAE04EC0-301F-11D3-BF4B-00C04F79EFBC}") = "MyCalculator", "MyCalculator.csproj", "{9DF57387-2494-4E72-BF19-1BB7D295F9E2}"
EndProject
Global
	GlobalSection(SolutionConfigurationPlatforms) = preSolution
		Debug|Any CPU = Debug|Any CPU
		Release|Any CPU = Release|Any CPU
	EndGlobalSection
	GlobalSection(ProjectConfigurationPlatforms) = postSolution
		{9DF57387-2494-4E72-BF19-1BB7D295F9E2}.Debug|Any CPU.ActiveCfg = Debug|Any CPU
		{9DF57387-2494-4E72-BF19-1BB7D295F9E2}.Debug|Any CPU.Build.0 = Debug|Any CPU
		{9DF57387-2494-4E72-BF19-1BB7D295F9E2}.Release|Any CPU.ActiveCfg = Release|Any CPU
		{9DF57387-2494-4E72-BF19-1BB7D295F9E2}.Release|Any CPU.Build.0 = Release|Any CPU
	EndGlobalSection
	GlobalSection(SolutionProperties) = preSolution
		HideSolutionNode = FALSE
	EndGlobalSection
	GlobalSection(ExtensibilityGlobals) = postSolution
		SolutionGuid = {F473700B-00DD-4034-BB47-F74AA769D064}
	EndGlobalSection
EndGlobal
