
Microsoft Visual Studio Solution File, Format Version 12.00
# Visual Studio Version 16
VisualStudioVersion = 16.0.33214.272
MinimumVisualStudioVersion = 10.0.40219.1
Project("{FAE04EC0-301F-11D3-BF4B-00C04F79EFBC}") = "ExercicioSwitchCase", "ExercicioSwitchCase.csproj", "{ECA45068-2901-4569-A76B-A50435AE1FF2}"
EndProject
Global
	GlobalSection(SolutionConfigurationPlatforms) = preSolution
		Debug|Any CPU = Debug|Any CPU
		Release|Any CPU = Release|Any CPU
	EndGlobalSection
	GlobalSection(ProjectConfigurationPlatforms) = postSolution
		{ECA45068-2901-4569-A76B-A50435AE1FF2}.Debug|Any CPU.ActiveCfg = Debug|Any CPU
		{ECA45068-2901-4569-A76B-A50435AE1FF2}.Debug|Any CPU.Build.0 = Debug|Any CPU
		{ECA45068-2901-4569-A76B-A50435AE1FF2}.Release|Any CPU.ActiveCfg = Release|Any CPU
		{ECA45068-2901-4569-A76B-A50435AE1FF2}.Release|Any CPU.Build.0 = Release|Any CPU
	EndGlobalSection
	GlobalSection(SolutionProperties) = preSolution
		HideSolutionNode = FALSE
	EndGlobalSection
	GlobalSection(ExtensibilityGlobals) = postSolution
		SolutionGuid = {502FA839-599F-4285-8015-7F5369661AD9}
	EndGlobalSection
EndGlobal
