
Microsoft Visual Studio Solution File, Format Version 12.00
# Visual Studio Version 16
VisualStudioVersion = 16.0.33214.272
MinimumVisualStudioVersion = 10.0.40219.1
Project("{FAE04EC0-301F-11D3-BF4B-00C04F79EFBC}") = "MySystem", "MySystem.csproj", "{EFA6A571-354E-4EAC-AD31-A3A78C274D2D}"
EndProject
Global
	GlobalSection(SolutionConfigurationPlatforms) = preSolution
		Debug|Any CPU = Debug|Any CPU
		Release|Any CPU = Release|Any CPU
	EndGlobalSection
	GlobalSection(ProjectConfigurationPlatforms) = postSolution
		{EFA6A571-354E-4EAC-AD31-A3A78C274D2D}.Debug|Any CPU.ActiveCfg = Debug|Any CPU
		{EFA6A571-354E-4EAC-AD31-A3A78C274D2D}.Debug|Any CPU.Build.0 = Debug|Any CPU
		{EFA6A571-354E-4EAC-AD31-A3A78C274D2D}.Release|Any CPU.ActiveCfg = Release|Any CPU
		{EFA6A571-354E-4EAC-AD31-A3A78C274D2D}.Release|Any CPU.Build.0 = Release|Any CPU
	EndGlobalSection
	GlobalSection(SolutionProperties) = preSolution
		HideSolutionNode = FALSE
	EndGlobalSection
	GlobalSection(ExtensibilityGlobals) = postSolution
		SolutionGuid = {4667EE96-36EC-4492-BF8F-15415C8C8A4C}
	EndGlobalSection
EndGlobal
